// !$*UTF8*$!
{
	archiveVersion = 1;
	classes = {
	};
	objectVersion = 50;
	objects = {

/* Begin PBXBuildFile section */
		BC079CA1220362E3006A02B9 /* AppDelegate.swift in Sources */ = {isa = PBXBuildFile; fileRef = BC079CA0220362E3006A02B9 /* AppDelegate.swift */; };
		BC079CA3220362E3006A02B9 /* ViewController.swift in Sources */ = {isa = PBXBuildFile; fileRef = BC079CA2220362E3006A02B9 /* ViewController.swift */; };
		BC079CA6220362E3006A02B9 /* Main.storyboard in Resources */ = {isa = PBXBuildFile; fileRef = BC079CA4220362E3006A02B9 /* Main.storyboard */; };
		BC079CA9220362E3006A02B9 /* DND_Project.xcdatamodeld in Sources */ = {isa = PBXBuildFile; fileRef = BC079CA7220362E3006A02B9 /* DND_Project.xcdatamodeld */; };
		BC079CAB220362E7006A02B9 /* Assets.xcassets in Resources */ = {isa = PBXBuildFile; fileRef = BC079CAA220362E7006A02B9 /* Assets.xcassets */; };
		BC079CAE220362E7006A02B9 /* LaunchScreen.storyboard in Resources */ = {isa = PBXBuildFile; fileRef = BC079CAC220362E7006A02B9 /* LaunchScreen.storyboard */; };
/* End PBXBuildFile section */

/* Begin PBXFileReference section */
		BC079C9D220362E3006A02B9 /* DND_Project.app */ = {isa = PBXFileReference; explicitFileType = wrapper.application; includeInIndex = 0; path = DND_Project.app; sourceTree = BUILT_PRODUCTS_DIR; };
		BC079CA0220362E3006A02B9 /* AppDelegate.swift */ = {isa = PBXFileReference; lastKnownFileType = sourcecode.swift; path = AppDelegate.swift; sourceTree = "<group>"; };
		BC079CA2220362E3006A02B9 /* ViewController.swift */ = {isa = PBXFileReference; lastKnownFileType = sourcecode.swift; path = ViewController.swift; sourceTree = "<group>"; };
		BC079CA5220362E3006A02B9 /* Base */ = {isa = PBXFileReference; lastKnownFileType = file.storyboard; name = Base; path = Base.lproj/Main.storyboard; sourceTree = "<group>"; };
		BC079CA8220362E3006A02B9 /* DND_Project.xcdatamodel */ = {isa = PBXFileReference; lastKnownFileType = wrapper.xcdatamodel; path = DND_Project.xcdatamodel; sourceTree = "<group>"; };
		BC079CAA220362E7006A02B9 /* Assets.xcassets */ = {isa = PBXFileReference; lastKnownFileType = folder.assetcatalog; path = Assets.xcassets; sourceTree = "<group>"; };
		BC079CAD220362E7006A02B9 /* Base */ = {isa = PBXFileReference; lastKnownFileType = file.storyboard; name = Base; path = Base.lproj/LaunchScreen.storyboard; sourceTree = "<group>"; };
		BC079CAF220362E7006A02B9 /* Info.plist */ = {isa = PBXFileReference; lastKnownFileType = text.plist.xml; path = Info.plist; sourceTree = "<group>"; };
/* End PBXFileReference section */

/* Begin PBXFrameworksBuildPhase section */
		BC079C9A220362E3006A02B9 /* Frameworks */ = {
			isa = PBXFrameworksBuildPhase;
			buildActionMask = 2147483647;
			files = (
			);
			runOnlyForDeploymentPostprocessing = 0;
		};
/* End PBXFrameworksBuildPhase section */

/* Begin PBXGroup section */
		BC079C94220362E3006A02B9 = {
			isa = PBXGroup;
			children = (
				BC079C9F220362E3006A02B9 /* DND_Project */,
				BC079C9E220362E3006A02B9 /* Products */,
			);
			sourceTree = "<group>";
		};
		BC079C9E220362E3006A02B9 /* Products */ = {
			isa = PBXGroup;
			children = (
				BC079C9D220362E3006A02B9 /* DND_Project.app */,
			);
			name = Products;
			sourceTree = "<group>";
		};
		BC079C9F220362E3006A02B9 /* DND_Project */ = {
			isa = PBXGroup;
			children = (
				BC079CA0220362E3006A02B9 /* AppDelegate.swift */,
				BC079CA2220362E3006A02B9 /* ViewController.swift */,
				BC079CA4220362E3006A02B9 /* Main.storyboard */,
				BC079CAA220362E7006A02B9 /* Assets.xcassets */,
				BC079CAC220362E7006A02B9 /* LaunchScreen.storyboard */,
				BC079CAF220362E7006A02B9 /* Info.plist */,
				BC079CA7220362E3006A02B9 /* DND_Project.xcdatamodeld */,
			);
			path = DND_Project;
			sourceTree = "<group>";
		};
/* End PBXGroup section */

/* Begin PBXNativeTarget section */
		BC079C9C220362E3006A02B9 /* DND_Project */ = {
			isa = PBXNativeTarget;
			buildConfigurationList = BC079CB2220362E8006A02B9 /* Build configuration list for PBXNativeTarget "DND_Project" */;
			buildPhases = (
				BC079C99220362E3006A02B9 /* Sources */,
				BC079C9A220362E3006A02B9 /* Frameworks */,
				BC079C9B220362E3006A02B9 /* Resources */,
			);
			buildRules = (
			);
			dependencies = (
			);
			name = DND_Project;
			productName = DND_Project;
			productReference = BC079C9D220362E3006A02B9 /* DND_Project.app */;
			productType = "com.apple.product-type.application";
		};
/* End PBXNativeTarget section */

/* Begin PBXProject section */
		BC079C95220362E3006A02B9 /* Project object */ = {
			isa = PBXProject;
			attributes = {
				LastSwiftUpdateCheck = 1010;
				LastUpgradeCheck = 1010;
				ORGANIZATIONNAME = "Hayden Hoki";
				TargetAttributes = {
					BC079C9C220362E3006A02B9 = {
						CreatedOnToolsVersion = 10.1;
					};
				};
			};
			buildConfigurationList = BC079C98220362E3006A02B9 /* Build configuration list for PBXProject "DND_Project" */;
			compatibilityVersion = "Xcode 9.3";
			developmentRegion = en;
			hasScannedForEncodings = 0;
			knownRegions = (
				en,
				Base,
			);
			mainGroup = BC079C94220362E3006A02B9;
			productRefGroup = BC079C9E220362E3006A02B9 /* Products */;
			projectDirPath = "";
			projectRoot = "";
			targets = (
				BC079C9C220362E3006A02B9 /* DND_Project */,
			);
		};
/* End PBXProject section */

/* Begin PBXResourcesBuildPhase section */
		BC079C9B220362E3006A02B9 /* Resources */ = {
			isa = PBXResourcesBuildPhase;
			buildActionMask = 2147483647;
			files = (
				BC079CAE220362E7006A02B9 /* LaunchScreen.storyboard in Resources */,
				BC079CAB220362E7006A02B9 /* Assets.xcassets in Resources */,
				BC079CA6220362E3006A02B9 /* Main.storyboard in Resources */,
			);
			runOnlyForDeploymentPostprocessing = 0;
		};
/* End PBXResourcesBuildPhase section */

/* Begin PBXSourcesBuildPhase section */
		BC079C99220362E3006A02B9 /* Sources */ = {
			isa = PBXSourcesBuildPhase;
			buildActionMask = 2147483647;
			files = (
				BC079CA3220362E3006A02B9 /* ViewController.swift in Sources */,
				BC079CA9220362E3006A02B9 /* DND_Project.xcdatamodeld in Sources */,
				BC079CA1220362E3006A02B9 /* AppDelegate.swift in Sources */,
			);
			runOnlyForDeploymentPostprocessing = 0;
		};
/* End PBXSourcesBuildPhase section */

/* Begin PBXVariantGroup section */
		BC079CA4220362E3006A02B9 /* Main.storyboard */ = {
			isa = PBXVariantGroup;
			children = (
				BC079CA5220362E3006A02B9 /* Base */,
			);
			name = Main.storyboard;
			sourceTree = "<group>";
		};
		BC079CAC220362E7006A02B9 /* LaunchScreen.storyboard */ = {
			isa = PBXVariantGroup;
			children = (
				BC079CAD220362E7006A02B9 /* Base */,
			);
			name = LaunchScreen.storyboard;
			sourceTree = "<group>";
		};
/* End PBXVariantGroup section */

/* Begin XCBuildConfiguration section */
		BC079CB0220362E7006A02B9 /* Debug */ = {
			isa = XCBuildConfiguration;
			buildSettings = {
				ALWAYS_SEARCH_USER_PATHS = NO;
				CLANG_ANALYZER_NONNULL = YES;
				CLANG_ANALYZER_NUMBER_OBJECT_CONVERSION = YES_AGGRESSIVE;
				CLANG_CXX_LANGUAGE_STANDARD = "gnu++14";
				CLANG_CXX_LIBRARY = "libc++";
				CLANG_ENABLE_MODULES = YES;
				CLANG_ENABLE_OBJC_ARC = YES;
				CLANG_ENABLE_OBJC_WEAK = YES;
				CLANG_WARN_BLOCK_CAPTURE_AUTORELEASING = YES;
				CLANG_WARN_BOOL_CONVERSION = YES;
				CLANG_WARN_COMMA = YES;
				CLANG_WARN_CONSTANT_CONVERSION = YES;
				CLANG_WARN_DEPRECATED_OBJC_IMPLEMENTATIONS = YES;
				CLANG_WARN_DIRECT_OBJC_ISA_USAGE = YES_ERROR;
				CLANG_WARN_DOCUMENTATION_COMMENTS = YES;
				CLANG_WARN_EMPTY_BODY = YES;
				CLANG_WARN_ENUM_CONVERSION = YES;
				CLANG_WARN_INFINITE_RECURSION = YES;
				CLANG_WARN_INT_CONVERSION = YES;
				CLANG_WARN_NON_LITERAL_NULL_CONVERSION = YES;
				CLANG_WARN_OBJC_IMPLICIT_RETAIN_SELF = YES;
				CLANG_WARN_OBJC_LITERAL_CONVERSION = YES;
				CLANG_WARN_OBJC_ROOT_CLASS = YES_ERROR;
				CLANG_WARN_RANGE_LOOP_ANALYSIS = YES;
				CLANG_WARN_STRICT_PROTOTYPES = YES;
				CLANG_WARN_SUSPICIOUS_MOVE = YES;
				CLANG_WARN_UNGUARDED_AVAILABILITY = YES_AGGRESSIVE;
				CLANG_WARN_UNREACHABLE_CODE = YES;
				CLANG_WARN__DUPLICATE_METHOD_MATCH = YES;
				CODE_SIGN_IDENTITY = "iPhone Developer";
				COPY_PHASE_STRIP = NO;
				DEBUG_INFORMATION_FORMAT = dwarf;
				ENABLE_STRICT_OBJC_MSGSEND = YES;
				ENABLE_TESTABILITY = YES;
				GCC_C_LANGUAGE_STANDARD = gnu11;
				GCC_DYNAMIC_NO_PIC = NO;
				GCC_NO_COMMON_BLOCKS = YES;
				GCC_OPTIMIZATION_LEVEL = 0;
				GCC_PREPROCESSOR_DEFINITIONS = (
					"DEBUG=1",
					"$(inherited)",
				);
				GCC_WARN_64_TO_32_BIT_CONVERSION = YES;
				GCC_WARN_ABOUT_RETURN_TYPE = YES_ERROR;
				GCC_WARN_UNDECLARED_SELECTOR = YES;
				GCC_WARN_UNINITIALIZED_AUTOS = YES_AGGRESSIVE;
				GCC_WARN_UNUSED_FUNCTION = YES;
				GCC_WARN_UNUSED_VARIABLE = YES;
				IPHONEOS_DEPLOYMENT_TARGET = 12.1;
				MTL_ENABLE_DEBUG_INFO = INCLUDE_SOURCE;
				MTL_FAST_MATH = YES;
				ONLY_ACTIVE_ARCH = YES;
				SDKROOT = iphoneos;
				SWIFT_ACTIVE_COMPILATION_CONDITIONS = DEBUG;
				SWIFT_OPTIMIZATION_LEVEL = "-Onone";
			};
			name = Debug;
		};
		BC079CB1220362E7006A02B9 /* Release */ = {
			isa = XCBuildConfiguration;
			buildSettings = {
				ALWAYS_SEARCH_USER_PATHS = NO;
				CLANG_ANALYZER_NONNULL = YES;
				CLANG_ANALYZER_NUMBER_OBJECT_CONVERSION = YES_AGGRESSIVE;
				CLANG_CXX_LANGUAGE_STANDARD = "gnu++14";
				CLANG_CXX_LIBRARY = "libc++";
				CLANG_ENABLE_MODULES = YES;
				CLANG_ENABLE_OBJC_ARC = YES;
				CLANG_ENABLE_OBJC_WEAK = YES;
				CLANG_WARN_BLOCK_CAPTURE_AUTORELEASING = YES;
				CLANG_WARN_BOOL_CONVERSION = YES;
				CLANG_WARN_COMMA = YES;
				CLANG_WARN_CONSTANT_CONVERSION = YES;
				CLANG_WARN_DEPRECATED_OBJC_IMPLEMENTATIONS = YES;
				CLANG_WARN_DIRECT_OBJC_ISA_USAGE = YES_ERROR;
				CLANG_WARN_DOCUMENTATION_COMMENTS = YES;
				CLANG_WARN_EMPTY_BODY = YES;
				CLANG_WARN_ENUM_CONVERSION = YES;
				CLANG_WARN_INFINITE_RECURSION = YES;
				CLANG_WARN_INT_CONVERSION = YES;
				CLANG_WARN_NON_LITERAL_NULL_CONVERSION = YES;
				CLANG_WARN_OBJC_IMPLICIT_RETAIN_SELF = YES;
				CLANG_WARN_OBJC_LITERAL_CONVERSION = YES;
				CLANG_WARN_OBJC_ROOT_CLASS = YES_ERROR;
				CLANG_WARN_RANGE_LOOP_ANALYSIS = YES;
				CLANG_WARN_STRICT_PROTOTYPES = YES;
				CLANG_WARN_SUSPICIOUS_MOVE = YES;
				CLANG_WARN_UNGUARDED_AVAILABILITY = YES_AGGRESSIVE;
				CLANG_WARN_UNREACHABLE_CODE = YES;
				CLANG_WARN__DUPLICATE_METHOD_MATCH = YES;
				CODE_SIGN_IDENTITY = "iPhone Developer";
				COPY_PHASE_STRIP = NO;
				DEBUG_INFORMATION_FORMAT = "dwarf-with-dsym";
				ENABLE_NS_ASSERTIONS = NO;
				ENABLE_STRICT_OBJC_MSGSEND = YES;
				GCC_C_LANGUAGE_STANDARD = gnu11;
				GCC_NO_COMMON_BLOCKS = YES;
				GCC_WARN_64_TO_32_BIT_CONVERSION = YES;
				GCC_WARN_ABOUT_RETURN_TYPE = YES_ERROR;
				GCC_WARN_UNDECLARED_SELECTOR = YES;
				GCC_WARN_UNINITIALIZED_AUTOS = YES_AGGRESSIVE;
				GCC_WARN_UNUSED_FUNCTION = YES;
				GCC_WARN_UNUSED_VARIABLE = YES;
				IPHONEOS_DEPLOYMENT_TARGET = 12.1;
				MTL_ENABLE_DEBUG_INFO = NO;
				MTL_FAST_MATH = YES;
				SDKROOT = iphoneos;
				SWIFT_COMPILATION_MODE = wholemodule;
				SWIFT_OPTIMIZATION_LEVEL = "-O";
				VALIDATE_PRODUCT = YES;
			};
			name = Release;
		};
		BC079CB3220362E8006A02B9 /* Debug */ = {
			isa = XCBuildConfiguration;
			buildSettings = {
				ASSETCATALOG_COMPILER_APPICON_NAME = AppIcon;
				CODE_SIGN_STYLE = Automatic;
				INFOPLIST_FILE = DND_Project/Info.plist;
				LD_RUNPATH_SEARCH_PATHS = (
					"$(inherited)",
					"@executable_path/Frameworks",
				);
				PRODUCT_BUNDLE_IDENTIFIER = "HHSwift.DND-Project";
				PRODUCT_NAME = "$(TARGET_NAME)";
				SWIFT_VERSION = 4.2;
				TARGETED_DEVICE_FAMILY = "1,2";
			};
			name = Debug;
		};
		BC079CB4220362E8006A02B9 /* Release */ = {
			isa = XCBuildConfiguration;
			buildSettings = {
				ASSETCATALOG_COMPILER_APPICON_NAME = AppIcon;
				CODE_SIGN_STYLE = Automatic;
				INFOPLIST_FILE = DND_Project/Info.plist;
				LD_RUNPATH_SEARCH_PATHS = (
					"$(inherited)",
					"@executable_path/Frameworks",
				);
				PRODUCT_BUNDLE_IDENTIFIER = "HHSwift.DND-Project";
				PRODUCT_NAME = "$(TARGET_NAME)";
				SWIFT_VERSION = 4.2;
				TARGETED_DEVICE_FAMILY = "1,2";
			};
			name = Release;
		};
/* End XCBuildConfiguration section */

/* Begin XCConfigurationList section */
		BC079C98220362E3006A02B9 /* Build configuration list for PBXProject "DND_Project" */ = {
			isa = XCConfigurationList;
			buildConfigurations = (
				BC079CB0220362E7006A02B9 /* Debug */,
				BC079CB1220362E7006A02B9 /* Release */,
			);
			defaultConfigurationIsVisible = 0;
			defaultConfigurationName = Release;
		};
		BC079CB2220362E8006A02B9 /* Build configuration list for PBXNativeTarget "DND_Project" */ = {
			isa = XCConfigurationList;
			buildConfigurations = (
				BC079CB3220362E8006A02B9 /* Debug */,
				BC079CB4220362E8006A02B9 /* Release */,
			);
			defaultConfigurationIsVisible = 0;
			defaultConfigurationName = Release;
		};
/* End XCConfigurationList section */

/* Begin XCVersionGroup section */
		BC079CA7220362E3006A02B9 /* DND_Project.xcdatamodeld */ = {
			isa = XCVersionGroup;
			children = (
				BC079CA8220362E3006A02B9 /* DND_Project.xcdatamodel */,
			);
			currentVersion = BC079CA8220362E3006A02B9 /* DND_Project.xcdatamodel */;
			path = DND_Project.xcdatamodeld;
			sourceTree = "<group>";
			versionGroupType = wrapper.xcdatamodel;
		};
/* End XCVersionGroup section */
	};
	rootObject = BC079C95220362E3006A02B9 /* Project object */;
}
